
Microsoft Visual Studio Solution File, Format Version 12.00
# Visual Studio Version 17
VisualStudioVersion = 17.7.34031.279
MinimumVisualStudioVersion = 10.0.40219.1
Project("{9A19103F-16F7-4668-BE54-9A1E7A4F7556}") = "OOP-C#-app", "ConsoleApp2\OOP-C#-app.csproj", "{CA80EA6C-6E2B-474F-ACFF-964E93003B79}"
EndProject
Global
	GlobalSection(SolutionConfigurationPlatforms) = preSolution
		Debug|Any CPU = Debug|Any CPU
		Release|Any CPU = Release|Any CPU
	EndGlobalSection
	GlobalSection(ProjectConfigurationPlatforms) = postSolution
		{CA80EA6C-6E2B-474F-ACFF-964E93003B79}.Debug|Any CPU.ActiveCfg = Debug|Any CPU
		{CA80EA6C-6E2B-474F-ACFF-964E93003B79}.Debug|Any CPU.Build.0 = Debug|Any CPU
		{CA80EA6C-6E2B-474F-ACFF-964E93003B79}.Release|Any CPU.ActiveCfg = Release|Any CPU
		{CA80EA6C-6E2B-474F-ACFF-964E93003B79}.Release|Any CPU.Build.0 = Release|Any CPU
	EndGlobalSection
	GlobalSection(SolutionProperties) = preSolution
		HideSolutionNode = FALSE
	EndGlobalSection
	GlobalSection(ExtensibilityGlobals) = postSolution
		SolutionGuid = {B43641C6-44FD-4CCD-B9E3-F93DF6BF4BC5}
	EndGlobalSection
EndGlobal
